
Microsoft Visual Studio Solution File, Format Version 12.00
# Visual Studio Version 16
VisualStudioVersion = 25.0.1706.14
MinimumVisualStudioVersion = 10.0.40219.1
Project("{FAE04EC0-301F-11D3-BF4B-00C04F79EFBC}") = "W3 School", "W3 School\W3 School.csproj", "{13DDB379-03D5-4922-94BF-4BC195B67CE3}"
EndProject
Global
	GlobalSection(SolutionConfigurationPlatforms) = preSolution
		Debug|Any CPU = Debug|Any CPU
		Release|Any CPU = Release|Any CPU
	EndGlobalSection
	GlobalSection(ProjectConfigurationPlatforms) = postSolution
		{13DDB379-03D5-4922-94BF-4BC195B67CE3}.Debug|Any CPU.ActiveCfg = Debug|Any CPU
		{13DDB379-03D5-4922-94BF-4BC195B67CE3}.Debug|Any CPU.Build.0 = Debug|Any CPU
		{13DDB379-03D5-4922-94BF-4BC195B67CE3}.Release|Any CPU.ActiveCfg = Release|Any CPU
		{13DDB379-03D5-4922-94BF-4BC195B67CE3}.Release|Any CPU.Build.0 = Release|Any CPU
	EndGlobalSection
	GlobalSection(SolutionProperties) = preSolution
		HideSolutionNode = FALSE
	EndGlobalSection
	GlobalSection(ExtensibilityGlobals) = postSolution
		SolutionGuid = {B787F666-CF58-40AF-98A2-8EB3EBFF0941}
	EndGlobalSection
EndGlobal
